
Microsoft Visual Studio Solution File, Format Version 12.00
# Visual Studio 15
VisualStudioVersion = 15.0.26403.7
MinimumVisualStudioVersion = 10.0.40219.1
Project("{FAE04EC0-301F-11D3-BF4B-00C04F79EFBC}") = "EFTest.Data", "EFTest.Data\EFTest.Data.csproj", "{C9278FF2-B150-4474-91BC-BEB159BF4E62}"
EndProject
Project("{00D1A9C2-B5F0-4AF3-8072-F6C62B433612}") = "EFTest.MsSql", "EFTest.MsSql\EFTest.MsSql.sqlproj", "{96921D6E-60D6-4B9A-AD00-5868D0408463}"
EndProject
Project("{FAE04EC0-301F-11D3-BF4B-00C04F79EFBC}") = "EFTest.Entity", "EFTest.Entity\EFTest.Entity.csproj", "{498A2788-B5F4-42AE-9C46-E6991E895D0F}"
EndProject
Project("{FAE04EC0-301F-11D3-BF4B-00C04F79EFBC}") = "EFTest.UnitTests", "EFTest.UnitTests\EFTest.UnitTests.csproj", "{AB5580C3-19CE-42DB-BDD5-7ECA10489242}"
EndProject
Global
	GlobalSection(SolutionConfigurationPlatforms) = preSolution
		Debug|Any CPU = Debug|Any CPU
		Release|Any CPU = Release|Any CPU
	EndGlobalSection
	GlobalSection(ProjectConfigurationPlatforms) = postSolution
		{C9278FF2-B150-4474-91BC-BEB159BF4E62}.Debug|Any CPU.ActiveCfg = Debug|Any CPU
		{C9278FF2-B150-4474-91BC-BEB159BF4E62}.Debug|Any CPU.Build.0 = Debug|Any CPU
		{C9278FF2-B150-4474-91BC-BEB159BF4E62}.Release|Any CPU.ActiveCfg = Release|Any CPU
		{C9278FF2-B150-4474-91BC-BEB159BF4E62}.Release|Any CPU.Build.0 = Release|Any CPU
		{96921D6E-60D6-4B9A-AD00-5868D0408463}.Debug|Any CPU.ActiveCfg = Debug|Any CPU
		{96921D6E-60D6-4B9A-AD00-5868D0408463}.Debug|Any CPU.Build.0 = Debug|Any CPU
		{96921D6E-60D6-4B9A-AD00-5868D0408463}.Debug|Any CPU.Deploy.0 = Debug|Any CPU
		{96921D6E-60D6-4B9A-AD00-5868D0408463}.Release|Any CPU.ActiveCfg = Release|Any CPU
		{96921D6E-60D6-4B9A-AD00-5868D0408463}.Release|Any CPU.Build.0 = Release|Any CPU
		{96921D6E-60D6-4B9A-AD00-5868D0408463}.Release|Any CPU.Deploy.0 = Release|Any CPU
		{498A2788-B5F4-42AE-9C46-E6991E895D0F}.Debug|Any CPU.ActiveCfg = Debug|Any CPU
		{498A2788-B5F4-42AE-9C46-E6991E895D0F}.Debug|Any CPU.Build.0 = Debug|Any CPU
		{498A2788-B5F4-42AE-9C46-E6991E895D0F}.Release|Any CPU.ActiveCfg = Release|Any CPU
		{498A2788-B5F4-42AE-9C46-E6991E895D0F}.Release|Any CPU.Build.0 = Release|Any CPU
		{AB5580C3-19CE-42DB-BDD5-7ECA10489242}.Debug|Any CPU.ActiveCfg = Debug|Any CPU
		{AB5580C3-19CE-42DB-BDD5-7ECA10489242}.Debug|Any CPU.Build.0 = Debug|Any CPU
		{AB5580C3-19CE-42DB-BDD5-7ECA10489242}.Release|Any CPU.ActiveCfg = Release|Any CPU
		{AB5580C3-19CE-42DB-BDD5-7ECA10489242}.Release|Any CPU.Build.0 = Release|Any CPU
	EndGlobalSection
	GlobalSection(SolutionProperties) = preSolution
		HideSolutionNode = FALSE
	EndGlobalSection
EndGlobal
